{
  "version": 4,
  "terraform_version": "1.0.8",
  "serial": 61,
  "lineage": "4c0542cd-13c3-631e-d2b2-2d7a606cb2c4",
  "outputs": {
    "virtual_network_id": {
      "value": "/subscriptions/ea0fbf04-03f3-4226-bea1-c489b2320627/resourceGroups/shadi-staging-rg/providers/Microsoft.Network/virtualNetworks/shadi-staging-vnet",
      "type": "string"
    },
    "virtual_network_name": {
      "value": "shadi-staging-vnet",
      "type": "string"
    },
    "web_Admin_vm": {
      "value": [
        "web-server-vm1",
        "web-server-vm2"
      ],
      "type": [
        "tuple",
        [
          "string",
          "string"
        ]
      ]
    },
    "web_Password_vm": {
      "value": [
        "p@ssw0rd42",
        "p@ssw0rd42"
      ],
      "type": [
        "tuple",
        [
          "string",
          "string"
        ]
      ],
      "sensitive": true
    },
    "web_lb_frontend_ip_configuration": {
      "value": [
        [
          {
            "availability_zone": "No-Zone",
            "gateway_load_balancer_frontend_ip_configuration_id": "",
            "id": "/subscriptions/ea0fbf04-03f3-4226-bea1-c489b2320627/resourceGroups/shadi-staging-rg/providers/Microsoft.Network/loadBalancers/shadi-staging-web-lb/frontendIPConfigurations/web-lb-publicip-1",
            "inbound_nat_rules": [
              "/subscriptions/ea0fbf04-03f3-4226-bea1-c489b2320627/resourceGroups/shadi-staging-rg/providers/Microsoft.Network/loadBalancers/shadi-staging-web-lb/inboundNatRules/vm1-ssh-1022-vm-22",
              "/subscriptions/ea0fbf04-03f3-4226-bea1-c489b2320627/resourceGroups/shadi-staging-rg/providers/Microsoft.Network/loadBalancers/shadi-staging-web-lb/inboundNatRules/vm2-ssh-2022-vm-22"
            ],
            "load_balancer_rules": [
              "/subscriptions/ea0fbf04-03f3-4226-bea1-c489b2320627/resourceGroups/shadi-staging-rg/providers/Microsoft.Network/loadBalancers/shadi-staging-web-lb/loadBalancingRules/web-app1-rule"
            ],
            "name": "web-lb-publicip-1",
            "outbound_rules": [],
            "private_ip_address": "",
            "private_ip_address_allocation": "Dynamic",
            "private_ip_address_version": "",
            "public_ip_address_id": "/subscriptions/ea0fbf04-03f3-4226-bea1-c489b2320627/resourceGroups/shadi-staging-rg/providers/Microsoft.Network/publicIPAddresses/shadi-staging-lbpublicip",
            "public_ip_prefix_id": "",
            "subnet_id": "",
            "zones": []
          }
        ]
      ],
      "type": [
        "tuple",
        [
          [
            "list",
            [
              "object",
              {
                "availability_zone": "string",
                "gateway_load_balancer_frontend_ip_configuration_id": "string",
                "id": "string",
                "inbound_nat_rules": [
                  "set",
                  "string"
                ],
                "load_balancer_rules": [
                  "set",
                  "string"
                ],
                "name": "string",
                "outbound_rules": [
                  "set",
                  "string"
                ],
                "private_ip_address": "string",
                "private_ip_address_allocation": "string",
                "private_ip_address_version": "string",
                "public_ip_address_id": "string",
                "public_ip_prefix_id": "string",
                "subnet_id": "string",
                "zones": [
                  "list",
                  "string"
                ]
              }
            ]
          ]
        ]
      ]
    },
    "web_lb_id": {
      "value": "/subscriptions/ea0fbf04-03f3-4226-bea1-c489b2320627/resourceGroups/shadi-staging-rg/providers/Microsoft.Network/loadBalancers/shadi-staging-web-lb",
      "type": "string"
    },
    "web_lb_public_ip_address": {
      "value": "104.45.68.195",
      "type": "string"
    },
    "web_linuxvm_network_interface_id_list": {
      "value": [
        "/subscriptions/ea0fbf04-03f3-4226-bea1-c489b2320627/resourceGroups/shadi-staging-rg/providers/Microsoft.Network/networkInterfaces/shadi-staging-web-vm1",
        "/subscriptions/ea0fbf04-03f3-4226-bea1-c489b2320627/resourceGroups/shadi-staging-rg/providers/Microsoft.Network/networkInterfaces/shadi-staging-web-vm2"
      ],
      "type": [
        "tuple",
        [
          "string",
          "string"
        ]
      ]
    },
    "web_linuxvm_network_interface_id_map": {
      "value": {
        "vm1": "/subscriptions/ea0fbf04-03f3-4226-bea1-c489b2320627/resourceGroups/shadi-staging-rg/providers/Microsoft.Network/networkInterfaces/shadi-staging-web-vm1",
        "vm2": "/subscriptions/ea0fbf04-03f3-4226-bea1-c489b2320627/resourceGroups/shadi-staging-rg/providers/Microsoft.Network/networkInterfaces/shadi-staging-web-vm2"
      },
      "type": [
        "object",
        {
          "vm1": "string",
          "vm2": "string"
        }
      ]
    },
    "web_linuxvm_private_ip_address_keys_function": {
      "value": [
        "shadi-staging-web-vm1",
        "shadi-staging-web-vm2"
      ],
      "type": [
        "tuple",
        [
          "string",
          "string"
        ]
      ]
    },
    "web_linuxvm_private_ip_address_list": {
      "value": [
        "10.0.1.4",
        "10.0.1.5"
      ],
      "type": [
        "tuple",
        [
          "string",
          "string"
        ]
      ]
    },
    "web_linuxvm_private_ip_address_map": {
      "value": {
        "shadi-staging-web-vm1": "10.0.1.4",
        "shadi-staging-web-vm2": "10.0.1.5"
      },
      "type": [
        "object",
        {
          "shadi-staging-web-vm1": "string",
          "shadi-staging-web-vm2": "string"
        }
      ]
    },
    "web_linuxvm_private_ip_address_values_function": {
      "value": [
        "10.0.1.4",
        "10.0.1.5"
      ],
      "type": [
        "tuple",
        [
          "string",
          "string"
        ]
      ]
    },
    "web_subnet_id": {
      "value": "/subscriptions/ea0fbf04-03f3-4226-bea1-c489b2320627/resourceGroups/shadi-staging-rg/providers/Microsoft.Network/virtualNetworks/shadi-staging-vnet/subnets/shadi-staging-vnet-websubnet",
      "type": "string"
    },
    "web_subnet_name": {
      "value": "shadi-staging-vnet-websubnet",
      "type": "string"
    },
    "web_subnet_nsg_id": {
      "value": "/subscriptions/ea0fbf04-03f3-4226-bea1-c489b2320627/resourceGroups/shadi-staging-rg/providers/Microsoft.Network/networkSecurityGroups/shadi-staging-vnet-websubnet-nsg",
      "type": "string"
    },
    "web_subnet_nsg_name": {
      "value": "shadi-staging-vnet-websubnet-nsg",
      "type": "string"
    }
  },
  "resources": [
    {
      "mode": "managed",
      "type": "azurerm_lb",
      "name": "web_lb",
      "provider": "provider[\"registry.terraform.io/hashicorp/azurerm\"]",
      "instances": [
        {
          "schema_version": 0,
          "attributes": {
            "frontend_ip_configuration": [
              {
                "availability_zone": "No-Zone",
                "gateway_load_balancer_frontend_ip_configuration_id": "",
                "id": "/subscriptions/ea0fbf04-03f3-4226-bea1-c489b2320627/resourceGroups/shadi-staging-rg/providers/Microsoft.Network/loadBalancers/shadi-staging-web-lb/frontendIPConfigurations/web-lb-publicip-1",
                "inbound_nat_rules": [
                  "/subscriptions/ea0fbf04-03f3-4226-bea1-c489b2320627/resourceGroups/shadi-staging-rg/providers/Microsoft.Network/loadBalancers/shadi-staging-web-lb/inboundNatRules/vm1-ssh-1022-vm-22",
                  "/subscriptions/ea0fbf04-03f3-4226-bea1-c489b2320627/resourceGroups/shadi-staging-rg/providers/Microsoft.Network/loadBalancers/shadi-staging-web-lb/inboundNatRules/vm2-ssh-2022-vm-22"
                ],
                "load_balancer_rules": [
                  "/subscriptions/ea0fbf04-03f3-4226-bea1-c489b2320627/resourceGroups/shadi-staging-rg/providers/Microsoft.Network/loadBalancers/shadi-staging-web-lb/loadBalancingRules/web-app1-rule"
                ],
                "name": "web-lb-publicip-1",
                "outbound_rules": [],
                "private_ip_address": "",
                "private_ip_address_allocation": "Dynamic",
                "private_ip_address_version": "",
                "public_ip_address_id": "/subscriptions/ea0fbf04-03f3-4226-bea1-c489b2320627/resourceGroups/shadi-staging-rg/providers/Microsoft.Network/publicIPAddresses/shadi-staging-lbpublicip",
                "public_ip_prefix_id": "",
                "subnet_id": "",
                "zones": []
              }
            ],
            "id": "/subscriptions/ea0fbf04-03f3-4226-bea1-c489b2320627/resourceGroups/shadi-staging-rg/providers/Microsoft.Network/loadBalancers/shadi-staging-web-lb",
            "location": "westeurope",
            "name": "shadi-staging-web-lb",
            "private_ip_address": "",
            "private_ip_addresses": [],
            "resource_group_name": "shadi-staging-rg",
            "sku": "Standard",
            "sku_tier": "Regional",
            "tags": {},
            "timeouts": null
          },
          "sensitive_attributes": [],
          "private": "eyJlMmJmYjczMC1lY2FhLTExZTYtOGY4OC0zNDM2M2JjN2M0YzAiOnsiY3JlYXRlIjoxODAwMDAwMDAwMDAwLCJkZWxldGUiOjE4MDAwMDAwMDAwMDAsInJlYWQiOjMwMDAwMDAwMDAwMCwidXBkYXRlIjoxODAwMDAwMDAwMDAwfX0=",
          "dependencies": [
            "azurerm_public_ip.web_lbpublicip",
            "azurerm_resource_group.rg"
          ]
        }
      ]
    },
    {
      "mode": "managed",
      "type": "azurerm_lb_backend_address_pool",
      "name": "web_lb_backend_address_pool",
      "provider": "provider[\"registry.terraform.io/hashicorp/azurerm\"]",
      "instances": [
        {
          "schema_version": 0,
          "attributes": {
            "backend_address": [],
            "backend_ip_configurations": [
              "/subscriptions/ea0fbf04-03f3-4226-bea1-c489b2320627/resourceGroups/shadi-staging-rg/providers/Microsoft.Network/networkInterfaces/shadi-staging-web-vm2/ipConfigurations/web-vm-ip-1",
              "/subscriptions/ea0fbf04-03f3-4226-bea1-c489b2320627/resourceGroups/shadi-staging-rg/providers/Microsoft.Network/networkInterfaces/shadi-staging-web-vm1/ipConfigurations/web-vm-ip-1"
            ],
            "id": "/subscriptions/ea0fbf04-03f3-4226-bea1-c489b2320627/resourceGroups/shadi-staging-rg/providers/Microsoft.Network/loadBalancers/shadi-staging-web-lb/backendAddressPools/web-backend",
            "load_balancing_rules": [
              "/subscriptions/ea0fbf04-03f3-4226-bea1-c489b2320627/resourceGroups/shadi-staging-rg/providers/Microsoft.Network/loadBalancers/shadi-staging-web-lb/loadBalancingRules/web-app1-rule"
            ],
            "loadbalancer_id": "/subscriptions/ea0fbf04-03f3-4226-bea1-c489b2320627/resourceGroups/shadi-staging-rg/providers/Microsoft.Network/loadBalancers/shadi-staging-web-lb",
            "name": "web-backend",
            "outbound_rules": [],
            "resource_group_name": "shadi-staging-rg",
            "timeouts": null,
            "tunnel_interface": []
          },
          "sensitive_attributes": [],
          "private": "eyJlMmJmYjczMC1lY2FhLTExZTYtOGY4OC0zNDM2M2JjN2M0YzAiOnsiY3JlYXRlIjoxODAwMDAwMDAwMDAwLCJkZWxldGUiOjE4MDAwMDAwMDAwMDAsInJlYWQiOjMwMDAwMDAwMDAwMCwidXBkYXRlIjoxODAwMDAwMDAwMDAwfX0=",
          "dependencies": [
            "azurerm_resource_group.rg",
            "azurerm_lb.web_lb",
            "azurerm_public_ip.web_lbpublicip"
          ]
        }
      ]
    },
    {
      "mode": "managed",
      "type": "azurerm_lb_nat_rule",
      "name": "web_lb_inbound_nat_rule_22",
      "provider": "provider[\"registry.terraform.io/hashicorp/azurerm\"]",
      "instances": [
        {
          "index_key": "vm1",
          "schema_version": 0,
          "attributes": {
            "backend_ip_configuration_id": "/subscriptions/ea0fbf04-03f3-4226-bea1-c489b2320627/resourceGroups/shadi-staging-rg/providers/Microsoft.Network/networkInterfaces/shadi-staging-web-vm1/ipConfigurations/web-vm-ip-1",
            "backend_port": 22,
            "enable_floating_ip": false,
            "enable_tcp_reset": false,
            "frontend_ip_configuration_id": "/subscriptions/ea0fbf04-03f3-4226-bea1-c489b2320627/resourceGroups/shadi-staging-rg/providers/Microsoft.Network/loadBalancers/shadi-staging-web-lb/frontendIPConfigurations/web-lb-publicip-1",
            "frontend_ip_configuration_name": "web-lb-publicip-1",
            "frontend_port": 1022,
            "id": "/subscriptions/ea0fbf04-03f3-4226-bea1-c489b2320627/resourceGroups/shadi-staging-rg/providers/Microsoft.Network/loadBalancers/shadi-staging-web-lb/inboundNatRules/vm1-ssh-1022-vm-22",
            "idle_timeout_in_minutes": 4,
            "loadbalancer_id": "/subscriptions/ea0fbf04-03f3-4226-bea1-c489b2320627/resourceGroups/shadi-staging-rg/providers/Microsoft.Network/loadBalancers/shadi-staging-web-lb",
            "name": "vm1-ssh-1022-vm-22",
            "protocol": "Tcp",
            "resource_group_name": "shadi-staging-rg",
            "timeouts": null
          },
          "sensitive_attributes": [],
          "private": "eyJlMmJmYjczMC1lY2FhLTExZTYtOGY4OC0zNDM2M2JjN2M0YzAiOnsiY3JlYXRlIjoxODAwMDAwMDAwMDAwLCJkZWxldGUiOjE4MDAwMDAwMDAwMDAsInJlYWQiOjMwMDAwMDAwMDAwMCwidXBkYXRlIjoxODAwMDAwMDAwMDAwfX0=",
          "dependencies": [
            "azurerm_public_ip.web_lbpublicip",
            "azurerm_resource_group.rg",
            "azurerm_subnet.websubnet",
            "azurerm_virtual_network.vnet",
            "azurerm_lb.web_lb",
            "azurerm_linux_virtual_machine.web_linuxvm",
            "azurerm_network_interface.web_linuxvm_nic"
          ]
        },
        {
          "index_key": "vm2",
          "schema_version": 0,
          "attributes": {
            "backend_ip_configuration_id": "/subscriptions/ea0fbf04-03f3-4226-bea1-c489b2320627/resourceGroups/shadi-staging-rg/providers/Microsoft.Network/networkInterfaces/shadi-staging-web-vm2/ipConfigurations/web-vm-ip-1",
            "backend_port": 22,
            "enable_floating_ip": false,
            "enable_tcp_reset": false,
            "frontend_ip_configuration_id": "/subscriptions/ea0fbf04-03f3-4226-bea1-c489b2320627/resourceGroups/shadi-staging-rg/providers/Microsoft.Network/loadBalancers/shadi-staging-web-lb/frontendIPConfigurations/web-lb-publicip-1",
            "frontend_ip_configuration_name": "web-lb-publicip-1",
            "frontend_port": 2022,
            "id": "/subscriptions/ea0fbf04-03f3-4226-bea1-c489b2320627/resourceGroups/shadi-staging-rg/providers/Microsoft.Network/loadBalancers/shadi-staging-web-lb/inboundNatRules/vm2-ssh-2022-vm-22",
            "idle_timeout_in_minutes": 4,
            "loadbalancer_id": "/subscriptions/ea0fbf04-03f3-4226-bea1-c489b2320627/resourceGroups/shadi-staging-rg/providers/Microsoft.Network/loadBalancers/shadi-staging-web-lb",
            "name": "vm2-ssh-2022-vm-22",
            "protocol": "Tcp",
            "resource_group_name": "shadi-staging-rg",
            "timeouts": null
          },
          "sensitive_attributes": [],
          "private": "eyJlMmJmYjczMC1lY2FhLTExZTYtOGY4OC0zNDM2M2JjN2M0YzAiOnsiY3JlYXRlIjoxODAwMDAwMDAwMDAwLCJkZWxldGUiOjE4MDAwMDAwMDAwMDAsInJlYWQiOjMwMDAwMDAwMDAwMCwidXBkYXRlIjoxODAwMDAwMDAwMDAwfX0=",
          "dependencies": [
            "azurerm_subnet.websubnet",
            "azurerm_virtual_network.vnet",
            "azurerm_lb.web_lb",
            "azurerm_linux_virtual_machine.web_linuxvm",
            "azurerm_network_interface.web_linuxvm_nic",
            "azurerm_public_ip.web_lbpublicip",
            "azurerm_resource_group.rg"
          ]
        }
      ]
    },
    {
      "mode": "managed",
      "type": "azurerm_lb_probe",
      "name": "web_lb_probe",
      "provider": "provider[\"registry.terraform.io/hashicorp/azurerm\"]",
      "instances": [
        {
          "schema_version": 0,
          "attributes": {
            "id": "/subscriptions/ea0fbf04-03f3-4226-bea1-c489b2320627/resourceGroups/shadi-staging-rg/providers/Microsoft.Network/loadBalancers/shadi-staging-web-lb/probes/tcp-probe",
            "interval_in_seconds": 15,
            "load_balancer_rules": [
              "/subscriptions/ea0fbf04-03f3-4226-bea1-c489b2320627/resourceGroups/shadi-staging-rg/providers/Microsoft.Network/loadBalancers/shadi-staging-web-lb/loadBalancingRules/web-app1-rule"
            ],
            "loadbalancer_id": "/subscriptions/ea0fbf04-03f3-4226-bea1-c489b2320627/resourceGroups/shadi-staging-rg/providers/Microsoft.Network/loadBalancers/shadi-staging-web-lb",
            "name": "tcp-probe",
            "number_of_probes": 2,
            "port": 8080,
            "protocol": "Tcp",
            "request_path": "",
            "resource_group_name": "shadi-staging-rg",
            "timeouts": null
          },
          "sensitive_attributes": [],
          "private": "eyJlMmJmYjczMC1lY2FhLTExZTYtOGY4OC0zNDM2M2JjN2M0YzAiOnsiY3JlYXRlIjoxODAwMDAwMDAwMDAwLCJkZWxldGUiOjE4MDAwMDAwMDAwMDAsInJlYWQiOjMwMDAwMDAwMDAwMCwidXBkYXRlIjoxODAwMDAwMDAwMDAwfX0=",
          "dependencies": [
            "azurerm_lb.web_lb",
            "azurerm_public_ip.web_lbpublicip",
            "azurerm_resource_group.rg"
          ]
        }
      ]
    },
    {
      "mode": "managed",
      "type": "azurerm_lb_rule",
      "name": "web_lb_rule_app1",
      "provider": "provider[\"registry.terraform.io/hashicorp/azurerm\"]",
      "instances": [
        {
          "schema_version": 0,
          "attributes": {
            "backend_address_pool_id": "/subscriptions/ea0fbf04-03f3-4226-bea1-c489b2320627/resourceGroups/shadi-staging-rg/providers/Microsoft.Network/loadBalancers/shadi-staging-web-lb/backendAddressPools/web-backend",
            "backend_address_pool_ids": [
              "/subscriptions/ea0fbf04-03f3-4226-bea1-c489b2320627/resourceGroups/shadi-staging-rg/providers/Microsoft.Network/loadBalancers/shadi-staging-web-lb/backendAddressPools/web-backend"
            ],
            "backend_port": 8080,
            "disable_outbound_snat": false,
            "enable_floating_ip": false,
            "enable_tcp_reset": false,
            "frontend_ip_configuration_id": "/subscriptions/ea0fbf04-03f3-4226-bea1-c489b2320627/resourceGroups/shadi-staging-rg/providers/Microsoft.Network/loadBalancers/shadi-staging-web-lb/frontendIPConfigurations/web-lb-publicip-1",
            "frontend_ip_configuration_name": "web-lb-publicip-1",
            "frontend_port": 8080,
            "id": "/subscriptions/ea0fbf04-03f3-4226-bea1-c489b2320627/resourceGroups/shadi-staging-rg/providers/Microsoft.Network/loadBalancers/shadi-staging-web-lb/loadBalancingRules/web-app1-rule",
            "idle_timeout_in_minutes": 4,
            "load_distribution": "Default",
            "loadbalancer_id": "/subscriptions/ea0fbf04-03f3-4226-bea1-c489b2320627/resourceGroups/shadi-staging-rg/providers/Microsoft.Network/loadBalancers/shadi-staging-web-lb",
            "name": "web-app1-rule",
            "probe_id": "/subscriptions/ea0fbf04-03f3-4226-bea1-c489b2320627/resourceGroups/shadi-staging-rg/providers/Microsoft.Network/loadBalancers/shadi-staging-web-lb/probes/tcp-probe",
            "protocol": "Tcp",
            "resource_group_name": "shadi-staging-rg",
            "timeouts": null
          },
          "sensitive_attributes": [],
          "private": "eyJlMmJmYjczMC1lY2FhLTExZTYtOGY4OC0zNDM2M2JjN2M0YzAiOnsiY3JlYXRlIjoxODAwMDAwMDAwMDAwLCJkZWxldGUiOjE4MDAwMDAwMDAwMDAsInJlYWQiOjMwMDAwMDAwMDAwMCwidXBkYXRlIjoxODAwMDAwMDAwMDAwfX0=",
          "dependencies": [
            "azurerm_resource_group.rg",
            "azurerm_lb.web_lb",
            "azurerm_lb_backend_address_pool.web_lb_backend_address_pool",
            "azurerm_lb_probe.web_lb_probe",
            "azurerm_public_ip.web_lbpublicip"
          ]
        }
      ]
    },
    {
      "mode": "managed",
      "type": "azurerm_linux_virtual_machine",
      "name": "web_linuxvm",
      "provider": "provider[\"registry.terraform.io/hashicorp/azurerm\"]",
      "instances": [
        {
          "index_key": "vm1",
          "schema_version": 0,
          "attributes": {
            "additional_capabilities": [],
            "admin_password": "p@ssw0rd42",
            "admin_ssh_key": [],
            "admin_username": "web-server-vm1",
            "allow_extension_operations": true,
            "availability_set_id": "",
            "boot_diagnostics": [],
            "computer_name": "shadi-staging-web-vm1",
            "custom_data": "IyEvYmluL3NoCnN1ZG8gYXB0IHVwZGF0ZSAmJiBzdWRvIGFwdCBmdWxsLXVwZ3JhZGUgLXkKc3VkbyBhcHQgaW5zdGFsbCBkb2NrZXIuaW8gLXkKc3VkbyBhcHQgaW5zdGFsbCBucG0gLXkK",
            "dedicated_host_id": "",
            "disable_password_authentication": false,
            "encryption_at_host_enabled": false,
            "eviction_policy": "",
            "extensions_time_budget": "PT1H30M",
            "id": "/subscriptions/ea0fbf04-03f3-4226-bea1-c489b2320627/resourceGroups/shadi-staging-rg/providers/Microsoft.Compute/virtualMachines/shadi-staging-web-vm1",
            "identity": [],
            "license_type": "",
            "location": "westeurope",
            "max_bid_price": -1,
            "name": "shadi-staging-web-vm1",
            "network_interface_ids": [
              "/subscriptions/ea0fbf04-03f3-4226-bea1-c489b2320627/resourceGroups/shadi-staging-rg/providers/Microsoft.Network/networkInterfaces/shadi-staging-web-vm1"
            ],
            "os_disk": [
              {
                "caching": "ReadWrite",
                "diff_disk_settings": [],
                "disk_encryption_set_id": "",
                "disk_size_gb": 30,
                "name": "shadi-staging-web-vm1_OsDisk_1_463f2e1d286446608ed5d0629cec5c57",
                "storage_account_type": "Standard_LRS",
                "write_accelerator_enabled": false
              }
            ],
            "patch_mode": null,
            "plan": [],
            "platform_fault_domain": -1,
            "priority": "Regular",
            "private_ip_address": "10.0.1.4",
            "private_ip_addresses": [
              "10.0.1.4"
            ],
            "provision_vm_agent": true,
            "proximity_placement_group_id": "",
            "public_ip_address": "",
            "public_ip_addresses": [],
            "resource_group_name": "shadi-staging-rg",
            "secret": [],
            "size": "Standard_B1s",
            "source_image_id": "",
            "source_image_reference": [
              {
                "offer": "UbuntuServer",
                "publisher": "Canonical",
                "sku": "18.04-LTS",
                "version": "latest"
              }
            ],
            "tags": null,
            "timeouts": null,
            "virtual_machine_id": "ba19b2fb-fad3-43e3-9c8d-aabbd602caf6",
            "virtual_machine_scale_set_id": "",
            "zone": ""
          },
          "sensitive_attributes": [
            [
              {
                "type": "get_attr",
                "value": "admin_password"
              }
            ]
          ],
          "private": "eyJlMmJmYjczMC1lY2FhLTExZTYtOGY4OC0zNDM2M2JjN2M0YzAiOnsiY3JlYXRlIjoyNzAwMDAwMDAwMDAwLCJkZWxldGUiOjI3MDAwMDAwMDAwMDAsInJlYWQiOjMwMDAwMDAwMDAwMCwidXBkYXRlIjoyNzAwMDAwMDAwMDAwfX0=",
          "dependencies": [
            "azurerm_network_interface.web_linuxvm_nic",
            "azurerm_resource_group.rg"
          ]
        },
        {
          "index_key": "vm2",
          "schema_version": 0,
          "attributes": {
            "additional_capabilities": [],
            "admin_password": "p@ssw0rd42",
            "admin_ssh_key": [],
            "admin_username": "web-server-vm2",
            "allow_extension_operations": true,
            "availability_set_id": "",
            "boot_diagnostics": [],
            "computer_name": "shadi-staging-web-vm2",
            "custom_data": "IyEvYmluL3NoCnN1ZG8gYXB0IHVwZGF0ZSAmJiBzdWRvIGFwdCBmdWxsLXVwZ3JhZGUgLXkKc3VkbyBhcHQgaW5zdGFsbCBkb2NrZXIuaW8gLXkKc3VkbyBhcHQgaW5zdGFsbCBucG0gLXkK",
            "dedicated_host_id": "",
            "disable_password_authentication": false,
            "encryption_at_host_enabled": false,
            "eviction_policy": "",
            "extensions_time_budget": "PT1H30M",
            "id": "/subscriptions/ea0fbf04-03f3-4226-bea1-c489b2320627/resourceGroups/shadi-staging-rg/providers/Microsoft.Compute/virtualMachines/shadi-staging-web-vm2",
            "identity": [],
            "license_type": "",
            "location": "westeurope",
            "max_bid_price": -1,
            "name": "shadi-staging-web-vm2",
            "network_interface_ids": [
              "/subscriptions/ea0fbf04-03f3-4226-bea1-c489b2320627/resourceGroups/shadi-staging-rg/providers/Microsoft.Network/networkInterfaces/shadi-staging-web-vm2"
            ],
            "os_disk": [
              {
                "caching": "ReadWrite",
                "diff_disk_settings": [],
                "disk_encryption_set_id": "",
                "disk_size_gb": 30,
                "name": "shadi-staging-web-vm2_OsDisk_1_8dac51d59f2a49689ab1f92afc5f6364",
                "storage_account_type": "Standard_LRS",
                "write_accelerator_enabled": false
              }
            ],
            "patch_mode": null,
            "plan": [],
            "platform_fault_domain": -1,
            "priority": "Regular",
            "private_ip_address": "10.0.1.5",
            "private_ip_addresses": [
              "10.0.1.5"
            ],
            "provision_vm_agent": true,
            "proximity_placement_group_id": "",
            "public_ip_address": "",
            "public_ip_addresses": [],
            "resource_group_name": "shadi-staging-rg",
            "secret": [],
            "size": "Standard_B1s",
            "source_image_id": "",
            "source_image_reference": [
              {
                "offer": "UbuntuServer",
                "publisher": "Canonical",
                "sku": "18.04-LTS",
                "version": "latest"
              }
            ],
            "tags": null,
            "timeouts": null,
            "virtual_machine_id": "d820f4b6-df7d-4376-a77c-0532dbe1a891",
            "virtual_machine_scale_set_id": "",
            "zone": ""
          },
          "sensitive_attributes": [
            [
              {
                "type": "get_attr",
                "value": "admin_password"
              }
            ]
          ],
          "private": "eyJlMmJmYjczMC1lY2FhLTExZTYtOGY4OC0zNDM2M2JjN2M0YzAiOnsiY3JlYXRlIjoyNzAwMDAwMDAwMDAwLCJkZWxldGUiOjI3MDAwMDAwMDAwMDAsInJlYWQiOjMwMDAwMDAwMDAwMCwidXBkYXRlIjoyNzAwMDAwMDAwMDAwfX0=",
          "dependencies": [
            "azurerm_network_interface.web_linuxvm_nic",
            "azurerm_resource_group.rg"
          ]
        }
      ]
    },
    {
      "mode": "managed",
      "type": "azurerm_network_interface",
      "name": "db_postgress_nic",
      "provider": "provider[\"registry.terraform.io/hashicorp/azurerm\"]",
      "instances": [
        {
          "schema_version": 0,
          "attributes": {
            "applied_dns_servers": [],
            "dns_servers": [],
            "enable_accelerated_networking": false,
            "enable_ip_forwarding": false,
            "id": "/subscriptions/ea0fbf04-03f3-4226-bea1-c489b2320627/resourceGroups/shadi-staging-rg/providers/Microsoft.Network/networkInterfaces/shadi-staging-db_postgress_nic",
            "internal_dns_name_label": "",
            "internal_domain_name_suffix": "koowuzhb2s1efcawq1xlhbwgrb.ax.internal.cloudapp.net",
            "ip_configuration": [
              {
                "gateway_load_balancer_frontend_ip_configuration_id": "",
                "name": "db-postgress-ip-1",
                "primary": true,
                "private_ip_address": "10.0.21.4",
                "private_ip_address_allocation": "Dynamic",
                "private_ip_address_version": "IPv4",
                "public_ip_address_id": "",
                "subnet_id": "/subscriptions/ea0fbf04-03f3-4226-bea1-c489b2320627/resourceGroups/shadi-staging-rg/providers/Microsoft.Network/virtualNetworks/shadi-staging-vnet/subnets/shadi-staging-vnet-dbsubnet"
              }
            ],
            "location": "westeurope",
            "mac_address": "",
            "name": "shadi-staging-db_postgress_nic",
            "private_ip_address": "10.0.21.4",
            "private_ip_addresses": [
              "10.0.21.4"
            ],
            "resource_group_name": "shadi-staging-rg",
            "tags": {},
            "timeouts": null,
            "virtual_machine_id": ""
          },
          "sensitive_attributes": [],
          "private": "eyJlMmJmYjczMC1lY2FhLTExZTYtOGY4OC0zNDM2M2JjN2M0YzAiOnsiY3JlYXRlIjoxODAwMDAwMDAwMDAwLCJkZWxldGUiOjE4MDAwMDAwMDAwMDAsInJlYWQiOjMwMDAwMDAwMDAwMCwidXBkYXRlIjoxODAwMDAwMDAwMDAwfX0=",
          "dependencies": [
            "azurerm_resource_group.rg",
            "azurerm_subnet.dbsubnet",
            "azurerm_virtual_network.vnet"
          ]
        }
      ]
    },
    {
      "mode": "managed",
      "type": "azurerm_network_interface",
      "name": "web_linuxvm_nic",
      "provider": "provider[\"registry.terraform.io/hashicorp/azurerm\"]",
      "instances": [
        {
          "index_key": "vm1",
          "schema_version": 0,
          "attributes": {
            "applied_dns_servers": [],
            "dns_servers": [],
            "enable_accelerated_networking": false,
            "enable_ip_forwarding": false,
            "id": "/subscriptions/ea0fbf04-03f3-4226-bea1-c489b2320627/resourceGroups/shadi-staging-rg/providers/Microsoft.Network/networkInterfaces/shadi-staging-web-vm1",
            "internal_dns_name_label": "",
            "internal_domain_name_suffix": "koowuzhb2s1efcawq1xlhbwgrb.ax.internal.cloudapp.net",
            "ip_configuration": [
              {
                "gateway_load_balancer_frontend_ip_configuration_id": "",
                "name": "web-vm-ip-1",
                "primary": true,
                "private_ip_address": "10.0.1.4",
                "private_ip_address_allocation": "Dynamic",
                "private_ip_address_version": "IPv4",
                "public_ip_address_id": "",
                "subnet_id": "/subscriptions/ea0fbf04-03f3-4226-bea1-c489b2320627/resourceGroups/shadi-staging-rg/providers/Microsoft.Network/virtualNetworks/shadi-staging-vnet/subnets/shadi-staging-vnet-websubnet"
              }
            ],
            "location": "westeurope",
            "mac_address": "00-0D-3A-27-F3-DA",
            "name": "shadi-staging-web-vm1",
            "private_ip_address": "10.0.1.4",
            "private_ip_addresses": [
              "10.0.1.4"
            ],
            "resource_group_name": "shadi-staging-rg",
            "tags": {},
            "timeouts": null,
            "virtual_machine_id": "/subscriptions/ea0fbf04-03f3-4226-bea1-c489b2320627/resourceGroups/shadi-staging-rg/providers/Microsoft.Compute/virtualMachines/shadi-staging-web-vm1"
          },
          "sensitive_attributes": [],
          "private": "eyJlMmJmYjczMC1lY2FhLTExZTYtOGY4OC0zNDM2M2JjN2M0YzAiOnsiY3JlYXRlIjoxODAwMDAwMDAwMDAwLCJkZWxldGUiOjE4MDAwMDAwMDAwMDAsInJlYWQiOjMwMDAwMDAwMDAwMCwidXBkYXRlIjoxODAwMDAwMDAwMDAwfX0=",
          "dependencies": [
            "azurerm_resource_group.rg",
            "azurerm_subnet.websubnet",
            "azurerm_virtual_network.vnet"
          ]
        },
        {
          "index_key": "vm2",
          "schema_version": 0,
          "attributes": {
            "applied_dns_servers": [],
            "dns_servers": [],
            "enable_accelerated_networking": false,
            "enable_ip_forwarding": false,
            "id": "/subscriptions/ea0fbf04-03f3-4226-bea1-c489b2320627/resourceGroups/shadi-staging-rg/providers/Microsoft.Network/networkInterfaces/shadi-staging-web-vm2",
            "internal_dns_name_label": "",
            "internal_domain_name_suffix": "koowuzhb2s1efcawq1xlhbwgrb.ax.internal.cloudapp.net",
            "ip_configuration": [
              {
                "gateway_load_balancer_frontend_ip_configuration_id": "",
                "name": "web-vm-ip-1",
                "primary": true,
                "private_ip_address": "10.0.1.5",
                "private_ip_address_allocation": "Dynamic",
                "private_ip_address_version": "IPv4",
                "public_ip_address_id": "",
                "subnet_id": "/subscriptions/ea0fbf04-03f3-4226-bea1-c489b2320627/resourceGroups/shadi-staging-rg/providers/Microsoft.Network/virtualNetworks/shadi-staging-vnet/subnets/shadi-staging-vnet-websubnet"
              }
            ],
            "location": "westeurope",
            "mac_address": "00-0D-3A-27-F6-61",
            "name": "shadi-staging-web-vm2",
            "private_ip_address": "10.0.1.5",
            "private_ip_addresses": [
              "10.0.1.5"
            ],
            "resource_group_name": "shadi-staging-rg",
            "tags": {},
            "timeouts": null,
            "virtual_machine_id": "/subscriptions/ea0fbf04-03f3-4226-bea1-c489b2320627/resourceGroups/shadi-staging-rg/providers/Microsoft.Compute/virtualMachines/shadi-staging-web-vm2"
          },
          "sensitive_attributes": [],
          "private": "eyJlMmJmYjczMC1lY2FhLTExZTYtOGY4OC0zNDM2M2JjN2M0YzAiOnsiY3JlYXRlIjoxODAwMDAwMDAwMDAwLCJkZWxldGUiOjE4MDAwMDAwMDAwMDAsInJlYWQiOjMwMDAwMDAwMDAwMCwidXBkYXRlIjoxODAwMDAwMDAwMDAwfX0=",
          "dependencies": [
            "azurerm_subnet.websubnet",
            "azurerm_virtual_network.vnet",
            "azurerm_resource_group.rg"
          ]
        }
      ]
    },
    {
      "mode": "managed",
      "type": "azurerm_network_interface_backend_address_pool_association",
      "name": "web_nic_lb_associate",
      "provider": "provider[\"registry.terraform.io/hashicorp/azurerm\"]",
      "instances": [
        {
          "index_key": "vm1",
          "schema_version": 0,
          "attributes": {
            "backend_address_pool_id": "/subscriptions/ea0fbf04-03f3-4226-bea1-c489b2320627/resourceGroups/shadi-staging-rg/providers/Microsoft.Network/loadBalancers/shadi-staging-web-lb/backendAddressPools/web-backend",
            "id": "/subscriptions/ea0fbf04-03f3-4226-bea1-c489b2320627/resourceGroups/shadi-staging-rg/providers/Microsoft.Network/networkInterfaces/shadi-staging-web-vm1/ipConfigurations/web-vm-ip-1|/subscriptions/ea0fbf04-03f3-4226-bea1-c489b2320627/resourceGroups/shadi-staging-rg/providers/Microsoft.Network/loadBalancers/shadi-staging-web-lb/backendAddressPools/web-backend",
            "ip_configuration_name": "web-vm-ip-1",
            "network_interface_id": "/subscriptions/ea0fbf04-03f3-4226-bea1-c489b2320627/resourceGroups/shadi-staging-rg/providers/Microsoft.Network/networkInterfaces/shadi-staging-web-vm1",
            "timeouts": null
          },
          "sensitive_attributes": [],
          "private": "eyJlMmJmYjczMC1lY2FhLTExZTYtOGY4OC0zNDM2M2JjN2M0YzAiOnsiY3JlYXRlIjoxODAwMDAwMDAwMDAwLCJkZWxldGUiOjE4MDAwMDAwMDAwMDAsInJlYWQiOjMwMDAwMDAwMDAwMCwidXBkYXRlIjoxODAwMDAwMDAwMDAwfX0=",
          "dependencies": [
            "azurerm_public_ip.web_lbpublicip",
            "azurerm_resource_group.rg",
            "azurerm_subnet.websubnet",
            "azurerm_virtual_network.vnet",
            "azurerm_lb.web_lb",
            "azurerm_lb_backend_address_pool.web_lb_backend_address_pool",
            "azurerm_network_interface.web_linuxvm_nic"
          ]
        },
        {
          "index_key": "vm2",
          "schema_version": 0,
          "attributes": {
            "backend_address_pool_id": "/subscriptions/ea0fbf04-03f3-4226-bea1-c489b2320627/resourceGroups/shadi-staging-rg/providers/Microsoft.Network/loadBalancers/shadi-staging-web-lb/backendAddressPools/web-backend",
            "id": "/subscriptions/ea0fbf04-03f3-4226-bea1-c489b2320627/resourceGroups/shadi-staging-rg/providers/Microsoft.Network/networkInterfaces/shadi-staging-web-vm2/ipConfigurations/web-vm-ip-1|/subscriptions/ea0fbf04-03f3-4226-bea1-c489b2320627/resourceGroups/shadi-staging-rg/providers/Microsoft.Network/loadBalancers/shadi-staging-web-lb/backendAddressPools/web-backend",
            "ip_configuration_name": "web-vm-ip-1",
            "network_interface_id": "/subscriptions/ea0fbf04-03f3-4226-bea1-c489b2320627/resourceGroups/shadi-staging-rg/providers/Microsoft.Network/networkInterfaces/shadi-staging-web-vm2",
            "timeouts": null
          },
          "sensitive_attributes": [],
          "private": "eyJlMmJmYjczMC1lY2FhLTExZTYtOGY4OC0zNDM2M2JjN2M0YzAiOnsiY3JlYXRlIjoxODAwMDAwMDAwMDAwLCJkZWxldGUiOjE4MDAwMDAwMDAwMDAsInJlYWQiOjMwMDAwMDAwMDAwMCwidXBkYXRlIjoxODAwMDAwMDAwMDAwfX0=",
          "dependencies": [
            "azurerm_virtual_network.vnet",
            "azurerm_lb.web_lb",
            "azurerm_lb_backend_address_pool.web_lb_backend_address_pool",
            "azurerm_network_interface.web_linuxvm_nic",
            "azurerm_public_ip.web_lbpublicip",
            "azurerm_resource_group.rg",
            "azurerm_subnet.websubnet"
          ]
        }
      ]
    },
    {
      "mode": "managed",
      "type": "azurerm_network_interface_nat_rule_association",
      "name": "web_nic_nat_rule_associate",
      "provider": "provider[\"registry.terraform.io/hashicorp/azurerm\"]",
      "instances": [
        {
          "index_key": "vm1",
          "schema_version": 0,
          "attributes": {
            "id": "/subscriptions/ea0fbf04-03f3-4226-bea1-c489b2320627/resourceGroups/shadi-staging-rg/providers/Microsoft.Network/networkInterfaces/shadi-staging-web-vm1/ipConfigurations/web-vm-ip-1|/subscriptions/ea0fbf04-03f3-4226-bea1-c489b2320627/resourceGroups/shadi-staging-rg/providers/Microsoft.Network/loadBalancers/shadi-staging-web-lb/inboundNatRules/vm1-ssh-1022-vm-22",
            "ip_configuration_name": "web-vm-ip-1",
            "nat_rule_id": "/subscriptions/ea0fbf04-03f3-4226-bea1-c489b2320627/resourceGroups/shadi-staging-rg/providers/Microsoft.Network/loadBalancers/shadi-staging-web-lb/inboundNatRules/vm1-ssh-1022-vm-22",
            "network_interface_id": "/subscriptions/ea0fbf04-03f3-4226-bea1-c489b2320627/resourceGroups/shadi-staging-rg/providers/Microsoft.Network/networkInterfaces/shadi-staging-web-vm1",
            "timeouts": null
          },
          "sensitive_attributes": [],
          "private": "eyJlMmJmYjczMC1lY2FhLTExZTYtOGY4OC0zNDM2M2JjN2M0YzAiOnsiY3JlYXRlIjoxODAwMDAwMDAwMDAwLCJkZWxldGUiOjE4MDAwMDAwMDAwMDAsInJlYWQiOjMwMDAwMDAwMDAwMCwidXBkYXRlIjoxODAwMDAwMDAwMDAwfX0=",
          "dependencies": [
            "azurerm_resource_group.rg",
            "azurerm_subnet.websubnet",
            "azurerm_virtual_network.vnet",
            "azurerm_lb.web_lb",
            "azurerm_lb_nat_rule.web_lb_inbound_nat_rule_22",
            "azurerm_linux_virtual_machine.web_linuxvm",
            "azurerm_network_interface.web_linuxvm_nic",
            "azurerm_public_ip.web_lbpublicip"
          ]
        },
        {
          "index_key": "vm2",
          "schema_version": 0,
          "attributes": {
            "id": "/subscriptions/ea0fbf04-03f3-4226-bea1-c489b2320627/resourceGroups/shadi-staging-rg/providers/Microsoft.Network/networkInterfaces/shadi-staging-web-vm2/ipConfigurations/web-vm-ip-1|/subscriptions/ea0fbf04-03f3-4226-bea1-c489b2320627/resourceGroups/shadi-staging-rg/providers/Microsoft.Network/loadBalancers/shadi-staging-web-lb/inboundNatRules/vm2-ssh-2022-vm-22",
            "ip_configuration_name": "web-vm-ip-1",
            "nat_rule_id": "/subscriptions/ea0fbf04-03f3-4226-bea1-c489b2320627/resourceGroups/shadi-staging-rg/providers/Microsoft.Network/loadBalancers/shadi-staging-web-lb/inboundNatRules/vm2-ssh-2022-vm-22",
            "network_interface_id": "/subscriptions/ea0fbf04-03f3-4226-bea1-c489b2320627/resourceGroups/shadi-staging-rg/providers/Microsoft.Network/networkInterfaces/shadi-staging-web-vm2",
            "timeouts": null
          },
          "sensitive_attributes": [],
          "private": "eyJlMmJmYjczMC1lY2FhLTExZTYtOGY4OC0zNDM2M2JjN2M0YzAiOnsiY3JlYXRlIjoxODAwMDAwMDAwMDAwLCJkZWxldGUiOjE4MDAwMDAwMDAwMDAsInJlYWQiOjMwMDAwMDAwMDAwMCwidXBkYXRlIjoxODAwMDAwMDAwMDAwfX0=",
          "dependencies": [
            "azurerm_linux_virtual_machine.web_linuxvm",
            "azurerm_network_interface.web_linuxvm_nic",
            "azurerm_public_ip.web_lbpublicip",
            "azurerm_resource_group.rg",
            "azurerm_subnet.websubnet",
            "azurerm_virtual_network.vnet",
            "azurerm_lb.web_lb",
            "azurerm_lb_nat_rule.web_lb_inbound_nat_rule_22"
          ]
        }
      ]
    },
    {
      "mode": "managed",
      "type": "azurerm_network_security_group",
      "name": "db_subnet_nsg",
      "provider": "provider[\"registry.terraform.io/hashicorp/azurerm\"]",
      "instances": [
        {
          "schema_version": 0,
          "attributes": {
            "id": "/subscriptions/ea0fbf04-03f3-4226-bea1-c489b2320627/resourceGroups/shadi-staging-rg/providers/Microsoft.Network/networkSecurityGroups/shadi-staging-vnet-dbsubnet-nsg",
            "location": "westeurope",
            "name": "shadi-staging-vnet-dbsubnet-nsg",
            "resource_group_name": "shadi-staging-rg",
            "security_rule": [
              {
                "access": "Allow",
                "description": "",
                "destination_address_prefix": "*",
                "destination_address_prefixes": [],
                "destination_application_security_group_ids": [],
                "destination_port_range": "22",
                "destination_port_ranges": [],
                "direction": "Inbound",
                "name": "Rule-Port-22",
                "priority": 3010,
                "protocol": "Tcp",
                "source_address_prefix": "*",
                "source_address_prefixes": [],
                "source_application_security_group_ids": [],
                "source_port_range": "*",
                "source_port_ranges": []
              },
              {
                "access": "Allow",
                "description": "",
                "destination_address_prefix": "*",
                "destination_address_prefixes": [],
                "destination_application_security_group_ids": [],
                "destination_port_range": "5432",
                "destination_port_ranges": [],
                "direction": "Inbound",
                "name": "Rule-Port-5432",
                "priority": 3000,
                "protocol": "Tcp",
                "source_address_prefix": "*",
                "source_address_prefixes": [],
                "source_application_security_group_ids": [],
                "source_port_range": "*",
                "source_port_ranges": []
              }
            ],
            "tags": {},
            "timeouts": null
          },
          "sensitive_attributes": [],
          "private": "eyJlMmJmYjczMC1lY2FhLTExZTYtOGY4OC0zNDM2M2JjN2M0YzAiOnsiY3JlYXRlIjoxODAwMDAwMDAwMDAwLCJkZWxldGUiOjE4MDAwMDAwMDAwMDAsInJlYWQiOjMwMDAwMDAwMDAwMCwidXBkYXRlIjoxODAwMDAwMDAwMDAwfX0=",
          "dependencies": [
            "azurerm_virtual_network.vnet",
            "azurerm_resource_group.rg",
            "azurerm_subnet.dbsubnet"
          ]
        }
      ]
    },
    {
      "mode": "managed",
      "type": "azurerm_network_security_group",
      "name": "web_subnet_nsg",
      "provider": "provider[\"registry.terraform.io/hashicorp/azurerm\"]",
      "instances": [
        {
          "schema_version": 0,
          "attributes": {
            "id": "/subscriptions/ea0fbf04-03f3-4226-bea1-c489b2320627/resourceGroups/shadi-staging-rg/providers/Microsoft.Network/networkSecurityGroups/shadi-staging-vnet-websubnet-nsg",
            "location": "westeurope",
            "name": "shadi-staging-vnet-websubnet-nsg",
            "resource_group_name": "shadi-staging-rg",
            "security_rule": [
              {
                "access": "Allow",
                "description": "",
                "destination_address_prefix": "*",
                "destination_address_prefixes": [],
                "destination_application_security_group_ids": [],
                "destination_port_range": "22",
                "destination_port_ranges": [],
                "direction": "Inbound",
                "name": "Rule-Port-22",
                "priority": 3010,
                "protocol": "Tcp",
                "source_address_prefix": "*",
                "source_address_prefixes": [],
                "source_application_security_group_ids": [],
                "source_port_range": "*",
                "source_port_ranges": []
              },
              {
                "access": "Allow",
                "description": "",
                "destination_address_prefix": "*",
                "destination_address_prefixes": [],
                "destination_application_security_group_ids": [],
                "destination_port_range": "8080",
                "destination_port_ranges": [],
                "direction": "Inbound",
                "name": "Rule-Port-8080",
                "priority": 3000,
                "protocol": "Tcp",
                "source_address_prefix": "*",
                "source_address_prefixes": [],
                "source_application_security_group_ids": [],
                "source_port_range": "*",
                "source_port_ranges": []
              }
            ],
            "tags": {},
            "timeouts": null
          },
          "sensitive_attributes": [],
          "private": "eyJlMmJmYjczMC1lY2FhLTExZTYtOGY4OC0zNDM2M2JjN2M0YzAiOnsiY3JlYXRlIjoxODAwMDAwMDAwMDAwLCJkZWxldGUiOjE4MDAwMDAwMDAwMDAsInJlYWQiOjMwMDAwMDAwMDAwMCwidXBkYXRlIjoxODAwMDAwMDAwMDAwfX0=",
          "dependencies": [
            "azurerm_virtual_network.vnet",
            "azurerm_resource_group.rg",
            "azurerm_subnet.websubnet"
          ]
        }
      ]
    },
    {
      "mode": "managed",
      "type": "azurerm_network_security_rule",
      "name": "db_nsg_rule_inbound",
      "provider": "provider[\"registry.terraform.io/hashicorp/azurerm\"]",
      "instances": [
        {
          "index_key": "3000",
          "schema_version": 0,
          "attributes": {
            "access": "Allow",
            "description": "",
            "destination_address_prefix": "*",
            "destination_address_prefixes": [],
            "destination_application_security_group_ids": [],
            "destination_port_range": "5432",
            "destination_port_ranges": [],
            "direction": "Inbound",
            "id": "/subscriptions/ea0fbf04-03f3-4226-bea1-c489b2320627/resourceGroups/shadi-staging-rg/providers/Microsoft.Network/networkSecurityGroups/shadi-staging-vnet-dbsubnet-nsg/securityRules/Rule-Port-5432",
            "name": "Rule-Port-5432",
            "network_security_group_name": "shadi-staging-vnet-dbsubnet-nsg",
            "priority": 3000,
            "protocol": "Tcp",
            "resource_group_name": "shadi-staging-rg",
            "source_address_prefix": "*",
            "source_address_prefixes": [],
            "source_application_security_group_ids": [],
            "source_port_range": "*",
            "source_port_ranges": [],
            "timeouts": null
          },
          "sensitive_attributes": [],
          "private": "eyJlMmJmYjczMC1lY2FhLTExZTYtOGY4OC0zNDM2M2JjN2M0YzAiOnsiY3JlYXRlIjoxODAwMDAwMDAwMDAwLCJkZWxldGUiOjE4MDAwMDAwMDAwMDAsInJlYWQiOjMwMDAwMDAwMDAwMCwidXBkYXRlIjoxODAwMDAwMDAwMDAwfX0=",
          "dependencies": [
            "azurerm_network_security_group.db_subnet_nsg",
            "azurerm_resource_group.rg",
            "azurerm_subnet.dbsubnet",
            "azurerm_virtual_network.vnet"
          ]
        },
        {
          "index_key": "3010",
          "schema_version": 0,
          "attributes": {
            "access": "Allow",
            "description": "",
            "destination_address_prefix": "*",
            "destination_address_prefixes": [],
            "destination_application_security_group_ids": [],
            "destination_port_range": "22",
            "destination_port_ranges": [],
            "direction": "Inbound",
            "id": "/subscriptions/ea0fbf04-03f3-4226-bea1-c489b2320627/resourceGroups/shadi-staging-rg/providers/Microsoft.Network/networkSecurityGroups/shadi-staging-vnet-dbsubnet-nsg/securityRules/Rule-Port-22",
            "name": "Rule-Port-22",
            "network_security_group_name": "shadi-staging-vnet-dbsubnet-nsg",
            "priority": 3010,
            "protocol": "Tcp",
            "resource_group_name": "shadi-staging-rg",
            "source_address_prefix": "*",
            "source_address_prefixes": [],
            "source_application_security_group_ids": [],
            "source_port_range": "*",
            "source_port_ranges": [],
            "timeouts": null
          },
          "sensitive_attributes": [],
          "private": "eyJlMmJmYjczMC1lY2FhLTExZTYtOGY4OC0zNDM2M2JjN2M0YzAiOnsiY3JlYXRlIjoxODAwMDAwMDAwMDAwLCJkZWxldGUiOjE4MDAwMDAwMDAwMDAsInJlYWQiOjMwMDAwMDAwMDAwMCwidXBkYXRlIjoxODAwMDAwMDAwMDAwfX0=",
          "dependencies": [
            "azurerm_network_security_group.db_subnet_nsg",
            "azurerm_resource_group.rg",
            "azurerm_subnet.dbsubnet",
            "azurerm_virtual_network.vnet"
          ]
        }
      ]
    },
    {
      "mode": "managed",
      "type": "azurerm_network_security_rule",
      "name": "web_nsg_rule_inbound",
      "provider": "provider[\"registry.terraform.io/hashicorp/azurerm\"]",
      "instances": [
        {
          "index_key": "3000",
          "schema_version": 0,
          "attributes": {
            "access": "Allow",
            "description": "",
            "destination_address_prefix": "*",
            "destination_address_prefixes": [],
            "destination_application_security_group_ids": [],
            "destination_port_range": "8080",
            "destination_port_ranges": [],
            "direction": "Inbound",
            "id": "/subscriptions/ea0fbf04-03f3-4226-bea1-c489b2320627/resourceGroups/shadi-staging-rg/providers/Microsoft.Network/networkSecurityGroups/shadi-staging-vnet-websubnet-nsg/securityRules/Rule-Port-8080",
            "name": "Rule-Port-8080",
            "network_security_group_name": "shadi-staging-vnet-websubnet-nsg",
            "priority": 3000,
            "protocol": "Tcp",
            "resource_group_name": "shadi-staging-rg",
            "source_address_prefix": "*",
            "source_address_prefixes": [],
            "source_application_security_group_ids": [],
            "source_port_range": "*",
            "source_port_ranges": [],
            "timeouts": null
          },
          "sensitive_attributes": [],
          "private": "eyJlMmJmYjczMC1lY2FhLTExZTYtOGY4OC0zNDM2M2JjN2M0YzAiOnsiY3JlYXRlIjoxODAwMDAwMDAwMDAwLCJkZWxldGUiOjE4MDAwMDAwMDAwMDAsInJlYWQiOjMwMDAwMDAwMDAwMCwidXBkYXRlIjoxODAwMDAwMDAwMDAwfX0=",
          "dependencies": [
            "azurerm_network_security_group.web_subnet_nsg",
            "azurerm_resource_group.rg",
            "azurerm_subnet.websubnet",
            "azurerm_virtual_network.vnet"
          ]
        },
        {
          "index_key": "3010",
          "schema_version": 0,
          "attributes": {
            "access": "Allow",
            "description": "",
            "destination_address_prefix": "*",
            "destination_address_prefixes": [],
            "destination_application_security_group_ids": [],
            "destination_port_range": "22",
            "destination_port_ranges": [],
            "direction": "Inbound",
            "id": "/subscriptions/ea0fbf04-03f3-4226-bea1-c489b2320627/resourceGroups/shadi-staging-rg/providers/Microsoft.Network/networkSecurityGroups/shadi-staging-vnet-websubnet-nsg/securityRules/Rule-Port-22",
            "name": "Rule-Port-22",
            "network_security_group_name": "shadi-staging-vnet-websubnet-nsg",
            "priority": 3010,
            "protocol": "Tcp",
            "resource_group_name": "shadi-staging-rg",
            "source_address_prefix": "*",
            "source_address_prefixes": [],
            "source_application_security_group_ids": [],
            "source_port_range": "*",
            "source_port_ranges": [],
            "timeouts": null
          },
          "sensitive_attributes": [],
          "private": "eyJlMmJmYjczMC1lY2FhLTExZTYtOGY4OC0zNDM2M2JjN2M0YzAiOnsiY3JlYXRlIjoxODAwMDAwMDAwMDAwLCJkZWxldGUiOjE4MDAwMDAwMDAwMDAsInJlYWQiOjMwMDAwMDAwMDAwMCwidXBkYXRlIjoxODAwMDAwMDAwMDAwfX0=",
          "dependencies": [
            "azurerm_network_security_group.web_subnet_nsg",
            "azurerm_resource_group.rg",
            "azurerm_subnet.websubnet",
            "azurerm_virtual_network.vnet"
          ]
        }
      ]
    },
    {
      "mode": "managed",
      "type": "azurerm_postgresql_firewall_rule",
      "name": "postgres_fw_rule",
      "provider": "provider[\"registry.terraform.io/hashicorp/azurerm\"]",
      "instances": [
        {
          "schema_version": 0,
          "attributes": {
            "end_ip_address": "104.45.68.195",
            "id": "/subscriptions/ea0fbf04-03f3-4226-bea1-c489b2320627/resourceGroups/shadi-staging-rg/providers/Microsoft.DBforPostgreSQL/servers/dbpostgres-staging/firewallRules/allow-access-publicip",
            "name": "allow-access-publicip",
            "resource_group_name": "shadi-staging-rg",
            "server_name": "dbpostgres-staging",
            "start_ip_address": "104.45.68.195",
            "timeouts": null
          },
          "sensitive_attributes": [],
          "private": "eyJlMmJmYjczMC1lY2FhLTExZTYtOGY4OC0zNDM2M2JjN2M0YzAiOnsiY3JlYXRlIjoxODAwMDAwMDAwMDAwLCJkZWxldGUiOjE4MDAwMDAwMDAwMDAsInJlYWQiOjMwMDAwMDAwMDAwMCwidXBkYXRlIjoxODAwMDAwMDAwMDAwfX0=",
          "dependencies": [
            "azurerm_postgresql_server.db_postgress",
            "azurerm_public_ip.web_lbpublicip",
            "azurerm_resource_group.rg"
          ]
        }
      ]
    },
    {
      "mode": "managed",
      "type": "azurerm_postgresql_server",
      "name": "db_postgress",
      "provider": "provider[\"registry.terraform.io/hashicorp/azurerm\"]",
      "instances": [
        {
          "schema_version": 0,
          "attributes": {
            "administrator_login": "postgres",
            "administrator_login_password": "p@ssw0rd42",
            "auto_grow_enabled": false,
            "backup_retention_days": 7,
            "create_mode": "Default",
            "creation_source_server_id": null,
            "fqdn": "dbpostgres-staging.postgres.database.azure.com",
            "geo_redundant_backup_enabled": false,
            "id": "/subscriptions/ea0fbf04-03f3-4226-bea1-c489b2320627/resourceGroups/shadi-staging-rg/providers/Microsoft.DBforPostgreSQL/servers/dbpostgres-staging",
            "identity": [],
            "infrastructure_encryption_enabled": false,
            "location": "westeurope",
            "name": "dbpostgres-staging",
            "public_network_access_enabled": true,
            "resource_group_name": "shadi-staging-rg",
            "restore_point_in_time": null,
            "sku_name": "B_Gen5_1",
            "ssl_enforcement": "Disabled",
            "ssl_enforcement_enabled": false,
            "ssl_minimal_tls_version_enforced": "TLSEnforcementDisabled",
            "storage_mb": 5120,
            "storage_profile": [
              {
                "auto_grow": "Disabled",
                "backup_retention_days": 7,
                "geo_redundant_backup": "Disabled",
                "storage_mb": 5120
              }
            ],
            "tags": null,
            "threat_detection_policy": [],
            "timeouts": null,
            "version": "11"
          },
          "sensitive_attributes": [
            [
              {
                "type": "get_attr",
                "value": "administrator_login_password"
              }
            ]
          ],
          "private": "eyJlMmJmYjczMC1lY2FhLTExZTYtOGY4OC0zNDM2M2JjN2M0YzAiOnsiY3JlYXRlIjozNjAwMDAwMDAwMDAwLCJkZWxldGUiOjM2MDAwMDAwMDAwMDAsInJlYWQiOjMwMDAwMDAwMDAwMCwidXBkYXRlIjozNjAwMDAwMDAwMDAwfX0=",
          "dependencies": [
            "azurerm_resource_group.rg"
          ]
        }
      ]
    },
    {
      "mode": "managed",
      "type": "azurerm_public_ip",
      "name": "web_lbpublicip",
      "provider": "provider[\"registry.terraform.io/hashicorp/azurerm\"]",
      "instances": [
        {
          "schema_version": 0,
          "attributes": {
            "allocation_method": "Static",
            "availability_zone": "Zone-Redundant",
            "domain_name_label": null,
            "fqdn": null,
            "id": "/subscriptions/ea0fbf04-03f3-4226-bea1-c489b2320627/resourceGroups/shadi-staging-rg/providers/Microsoft.Network/publicIPAddresses/shadi-staging-lbpublicip",
            "idle_timeout_in_minutes": 4,
            "ip_address": "104.45.68.195",
            "ip_tags": {},
            "ip_version": "IPv4",
            "location": "westeurope",
            "name": "shadi-staging-lbpublicip",
            "public_ip_prefix_id": null,
            "resource_group_name": "shadi-staging-rg",
            "reverse_fqdn": null,
            "sku": "Standard",
            "sku_tier": "Regional",
            "tags": {
              "environment": "staging",
              "owners": "shadi"
            },
            "timeouts": null,
            "zones": []
          },
          "sensitive_attributes": [],
          "private": "eyJlMmJmYjczMC1lY2FhLTExZTYtOGY4OC0zNDM2M2JjN2M0YzAiOnsiY3JlYXRlIjoxODAwMDAwMDAwMDAwLCJkZWxldGUiOjE4MDAwMDAwMDAwMDAsInJlYWQiOjMwMDAwMDAwMDAwMCwidXBkYXRlIjoxODAwMDAwMDAwMDAwfX0=",
          "dependencies": [
            "azurerm_resource_group.rg"
          ]
        }
      ]
    },
    {
      "mode": "managed",
      "type": "azurerm_resource_group",
      "name": "rg",
      "provider": "provider[\"registry.terraform.io/hashicorp/azurerm\"]",
      "instances": [
        {
          "schema_version": 0,
          "attributes": {
            "id": "/subscriptions/ea0fbf04-03f3-4226-bea1-c489b2320627/resourceGroups/shadi-staging-rg",
            "location": "westeurope",
            "name": "shadi-staging-rg",
            "tags": {
              "environment": "staging",
              "owners": "shadi"
            },
            "timeouts": null
          },
          "sensitive_attributes": [],
          "private": "eyJlMmJmYjczMC1lY2FhLTExZTYtOGY4OC0zNDM2M2JjN2M0YzAiOnsiY3JlYXRlIjo1NDAwMDAwMDAwMDAwLCJkZWxldGUiOjU0MDAwMDAwMDAwMDAsInJlYWQiOjMwMDAwMDAwMDAwMCwidXBkYXRlIjo1NDAwMDAwMDAwMDAwfX0="
        }
      ]
    },
    {
      "mode": "managed",
      "type": "azurerm_subnet",
      "name": "dbsubnet",
      "provider": "provider[\"registry.terraform.io/hashicorp/azurerm\"]",
      "instances": [
        {
          "schema_version": 0,
          "attributes": {
            "address_prefix": "10.0.21.0/24",
            "address_prefixes": [
              "10.0.21.0/24"
            ],
            "delegation": [],
            "enforce_private_link_endpoint_network_policies": false,
            "enforce_private_link_service_network_policies": false,
            "id": "/subscriptions/ea0fbf04-03f3-4226-bea1-c489b2320627/resourceGroups/shadi-staging-rg/providers/Microsoft.Network/virtualNetworks/shadi-staging-vnet/subnets/shadi-staging-vnet-dbsubnet",
            "name": "shadi-staging-vnet-dbsubnet",
            "resource_group_name": "shadi-staging-rg",
            "service_endpoint_policy_ids": [],
            "service_endpoints": [],
            "timeouts": null,
            "virtual_network_name": "shadi-staging-vnet"
          },
          "sensitive_attributes": [],
          "private": "eyJlMmJmYjczMC1lY2FhLTExZTYtOGY4OC0zNDM2M2JjN2M0YzAiOnsiY3JlYXRlIjoxODAwMDAwMDAwMDAwLCJkZWxldGUiOjE4MDAwMDAwMDAwMDAsInJlYWQiOjMwMDAwMDAwMDAwMCwidXBkYXRlIjoxODAwMDAwMDAwMDAwfX0=",
          "dependencies": [
            "azurerm_resource_group.rg",
            "azurerm_virtual_network.vnet"
          ]
        }
      ]
    },
    {
      "mode": "managed",
      "type": "azurerm_subnet",
      "name": "websubnet",
      "provider": "provider[\"registry.terraform.io/hashicorp/azurerm\"]",
      "instances": [
        {
          "schema_version": 0,
          "attributes": {
            "address_prefix": "10.0.1.0/24",
            "address_prefixes": [
              "10.0.1.0/24"
            ],
            "delegation": [],
            "enforce_private_link_endpoint_network_policies": false,
            "enforce_private_link_service_network_policies": false,
            "id": "/subscriptions/ea0fbf04-03f3-4226-bea1-c489b2320627/resourceGroups/shadi-staging-rg/providers/Microsoft.Network/virtualNetworks/shadi-staging-vnet/subnets/shadi-staging-vnet-websubnet",
            "name": "shadi-staging-vnet-websubnet",
            "resource_group_name": "shadi-staging-rg",
            "service_endpoint_policy_ids": [],
            "service_endpoints": [],
            "timeouts": null,
            "virtual_network_name": "shadi-staging-vnet"
          },
          "sensitive_attributes": [],
          "private": "eyJlMmJmYjczMC1lY2FhLTExZTYtOGY4OC0zNDM2M2JjN2M0YzAiOnsiY3JlYXRlIjoxODAwMDAwMDAwMDAwLCJkZWxldGUiOjE4MDAwMDAwMDAwMDAsInJlYWQiOjMwMDAwMDAwMDAwMCwidXBkYXRlIjoxODAwMDAwMDAwMDAwfX0=",
          "dependencies": [
            "azurerm_resource_group.rg",
            "azurerm_virtual_network.vnet"
          ]
        }
      ]
    },
    {
      "mode": "managed",
      "type": "azurerm_subnet_network_security_group_association",
      "name": "db_subnet_nsg_associate",
      "provider": "provider[\"registry.terraform.io/hashicorp/azurerm\"]",
      "instances": [
        {
          "schema_version": 0,
          "attributes": {
            "id": "/subscriptions/ea0fbf04-03f3-4226-bea1-c489b2320627/resourceGroups/shadi-staging-rg/providers/Microsoft.Network/virtualNetworks/shadi-staging-vnet/subnets/shadi-staging-vnet-dbsubnet",
            "network_security_group_id": "/subscriptions/ea0fbf04-03f3-4226-bea1-c489b2320627/resourceGroups/shadi-staging-rg/providers/Microsoft.Network/networkSecurityGroups/shadi-staging-vnet-dbsubnet-nsg",
            "subnet_id": "/subscriptions/ea0fbf04-03f3-4226-bea1-c489b2320627/resourceGroups/shadi-staging-rg/providers/Microsoft.Network/virtualNetworks/shadi-staging-vnet/subnets/shadi-staging-vnet-dbsubnet",
            "timeouts": null
          },
          "sensitive_attributes": [],
          "private": "eyJlMmJmYjczMC1lY2FhLTExZTYtOGY4OC0zNDM2M2JjN2M0YzAiOnsiY3JlYXRlIjoxODAwMDAwMDAwMDAwLCJkZWxldGUiOjE4MDAwMDAwMDAwMDAsInJlYWQiOjMwMDAwMDAwMDAwMCwidXBkYXRlIjoxODAwMDAwMDAwMDAwfX0=",
          "dependencies": [
            "azurerm_subnet.dbsubnet",
            "azurerm_virtual_network.vnet",
            "azurerm_network_security_group.db_subnet_nsg",
            "azurerm_network_security_rule.db_nsg_rule_inbound",
            "azurerm_resource_group.rg"
          ]
        }
      ]
    },
    {
      "mode": "managed",
      "type": "azurerm_subnet_network_security_group_association",
      "name": "web_subnet_nsg_associate",
      "provider": "provider[\"registry.terraform.io/hashicorp/azurerm\"]",
      "instances": [
        {
          "schema_version": 0,
          "attributes": {
            "id": "/subscriptions/ea0fbf04-03f3-4226-bea1-c489b2320627/resourceGroups/shadi-staging-rg/providers/Microsoft.Network/virtualNetworks/shadi-staging-vnet/subnets/shadi-staging-vnet-websubnet",
            "network_security_group_id": "/subscriptions/ea0fbf04-03f3-4226-bea1-c489b2320627/resourceGroups/shadi-staging-rg/providers/Microsoft.Network/networkSecurityGroups/shadi-staging-vnet-websubnet-nsg",
            "subnet_id": "/subscriptions/ea0fbf04-03f3-4226-bea1-c489b2320627/resourceGroups/shadi-staging-rg/providers/Microsoft.Network/virtualNetworks/shadi-staging-vnet/subnets/shadi-staging-vnet-websubnet",
            "timeouts": null
          },
          "sensitive_attributes": [],
          "private": "eyJlMmJmYjczMC1lY2FhLTExZTYtOGY4OC0zNDM2M2JjN2M0YzAiOnsiY3JlYXRlIjoxODAwMDAwMDAwMDAwLCJkZWxldGUiOjE4MDAwMDAwMDAwMDAsInJlYWQiOjMwMDAwMDAwMDAwMCwidXBkYXRlIjoxODAwMDAwMDAwMDAwfX0=",
          "dependencies": [
            "azurerm_resource_group.rg",
            "azurerm_subnet.websubnet",
            "azurerm_virtual_network.vnet",
            "azurerm_network_security_group.web_subnet_nsg",
            "azurerm_network_security_rule.web_nsg_rule_inbound"
          ]
        }
      ]
    },
    {
      "mode": "managed",
      "type": "azurerm_virtual_network",
      "name": "vnet",
      "provider": "provider[\"registry.terraform.io/hashicorp/azurerm\"]",
      "instances": [
        {
          "schema_version": 0,
          "attributes": {
            "address_space": [
              "10.0.0.0/16"
            ],
            "bgp_community": "",
            "ddos_protection_plan": [],
            "dns_servers": [],
            "guid": "646a9d53-e4e1-42b6-8816-86eeb386c689",
            "id": "/subscriptions/ea0fbf04-03f3-4226-bea1-c489b2320627/resourceGroups/shadi-staging-rg/providers/Microsoft.Network/virtualNetworks/shadi-staging-vnet",
            "location": "westeurope",
            "name": "shadi-staging-vnet",
            "resource_group_name": "shadi-staging-rg",
            "subnet": [
              {
                "address_prefix": "10.0.1.0/24",
                "id": "/subscriptions/ea0fbf04-03f3-4226-bea1-c489b2320627/resourceGroups/shadi-staging-rg/providers/Microsoft.Network/virtualNetworks/shadi-staging-vnet/subnets/shadi-staging-vnet-websubnet",
                "name": "shadi-staging-vnet-websubnet",
                "security_group": "/subscriptions/ea0fbf04-03f3-4226-bea1-c489b2320627/resourceGroups/shadi-staging-rg/providers/Microsoft.Network/networkSecurityGroups/shadi-staging-vnet-websubnet-nsg"
              },
              {
                "address_prefix": "10.0.21.0/24",
                "id": "/subscriptions/ea0fbf04-03f3-4226-bea1-c489b2320627/resourceGroups/shadi-staging-rg/providers/Microsoft.Network/virtualNetworks/shadi-staging-vnet/subnets/shadi-staging-vnet-dbsubnet",
                "name": "shadi-staging-vnet-dbsubnet",
                "security_group": "/subscriptions/ea0fbf04-03f3-4226-bea1-c489b2320627/resourceGroups/shadi-staging-rg/providers/Microsoft.Network/networkSecurityGroups/shadi-staging-vnet-dbsubnet-nsg"
              }
            ],
            "tags": {
              "environment": "staging",
              "owners": "shadi"
            },
            "timeouts": null,
            "vm_protection_enabled": false
          },
          "sensitive_attributes": [],
          "private": "eyJlMmJmYjczMC1lY2FhLTExZTYtOGY4OC0zNDM2M2JjN2M0YzAiOnsiY3JlYXRlIjoxODAwMDAwMDAwMDAwLCJkZWxldGUiOjE4MDAwMDAwMDAwMDAsInJlYWQiOjMwMDAwMDAwMDAwMCwidXBkYXRlIjoxODAwMDAwMDAwMDAwfX0=",
          "dependencies": [
            "azurerm_resource_group.rg"
          ]
        }
      ]
    }
  ]
}
